Microsoft Visual Studio Solution File, Format Version 11.00
# Visual Studio 2008

Project("{5A98E284-0FD0-1417-80D8-54E48C608D47}") = "webview", "Assembly-CSharp-firstpass.csproj", "{31BBF79C-23A3-807F-462D-B70A3559E5A3}"
EndProject
Project("{5A98E284-0FD0-1417-80D8-54E48C608D47}") = "webview", "Assembly-CSharp.csproj", "{FA74A8E4-3BB8-20CF-AD22-9D5A97BCBB83}"
EndProject
Global
	GlobalSection(SolutionConfigurationPlatforms) = preSolution
		Debug|Any CPU = Debug|Any CPU
		Release|Any CPU = Release|Any CPU
	EndGlobalSection
	GlobalSection(ProjectConfigurationPlatforms) = postSolution
		{31BBF79C-23A3-807F-462D-B70A3559E5A3}.Debug|Any CPU.ActiveCfg = Debug|Any CPU
		{31BBF79C-23A3-807F-462D-B70A3559E5A3}.Debug|Any CPU.Build.0 = Debug|Any CPU
		{31BBF79C-23A3-807F-462D-B70A3559E5A3}.Release|Any CPU.ActiveCfg = Release|Any CPU
		{31BBF79C-23A3-807F-462D-B70A3559E5A3}.Release|Any CPU.Build.0 = Release|Any CPU
		{FA74A8E4-3BB8-20CF-AD22-9D5A97BCBB83}.Debug|Any CPU.ActiveCfg = Debug|Any CPU
		{FA74A8E4-3BB8-20CF-AD22-9D5A97BCBB83}.Debug|Any CPU.Build.0 = Debug|Any CPU
		{FA74A8E4-3BB8-20CF-AD22-9D5A97BCBB83}.Release|Any CPU.ActiveCfg = Release|Any CPU
		{FA74A8E4-3BB8-20CF-AD22-9D5A97BCBB83}.Release|Any CPU.Build.0 = Release|Any CPU
	EndGlobalSection
	GlobalSection(SolutionProperties) = preSolution
		HideSolutionNode = FALSE
	EndGlobalSection
	GlobalSection(MonoDevelopProperties) = preSolution
		StartupItem = Assembly-CSharp.csproj
	EndGlobalSection
EndGlobal
